
Microsoft Visual Studio Solution File, Format Version 9.00
# Visual Studio 2005
Project("{FAE04EC0-301F-11D3-BF4B-00C04F79EFBC}") = "APPS.Monitor", "APPS.Monitor\APPS.Monitor.csproj", "{7914E884-6C77-42CE-AD72-8701F49D12E3}"
EndProject
Global
	GlobalSection(TeamFoundationVersionControl) = preSolution
		SccNumberOfProjects = 2
		SccLocalPath0 = .
		SccProjectUniqueName1 = APPS.Monitor\\APPS.Monitor.csproj
		SccLocalPath1 = .
		SccProjectFilePathRelativizedFromConnection1 = APPS.Monitor\\
	EndGlobalSection
	GlobalSection(SolutionConfigurationPlatforms) = preSolution
		Debug|Any CPU = Debug|Any CPU
		development|Any CPU = development|Any CPU
		itqa|Any CPU = itqa|Any CPU
		production|Any CPU = production|Any CPU
		Release|Any CPU = Release|Any CPU
		uat|Any CPU = uat|Any CPU
	EndGlobalSection
	GlobalSection(ProjectConfigurationPlatforms) = postSolution
		{7914E884-6C77-42CE-AD72-8701F49D12E3}.Debug|Any CPU.ActiveCfg = Debug|Any CPU
		{7914E884-6C77-42CE-AD72-8701F49D12E3}.Debug|Any CPU.Build.0 = Debug|Any CPU
		{7914E884-6C77-42CE-AD72-8701F49D12E3}.development|Any CPU.ActiveCfg = development|Any CPU
		{7914E884-6C77-42CE-AD72-8701F49D12E3}.development|Any CPU.Build.0 = development|Any CPU
		{7914E884-6C77-42CE-AD72-8701F49D12E3}.itqa|Any CPU.ActiveCfg = itqa|Any CPU
		{7914E884-6C77-42CE-AD72-8701F49D12E3}.itqa|Any CPU.Build.0 = itqa|Any CPU
		{7914E884-6C77-42CE-AD72-8701F49D12E3}.production|Any CPU.ActiveCfg = production|Any CPU
		{7914E884-6C77-42CE-AD72-8701F49D12E3}.production|Any CPU.Build.0 = production|Any CPU
		{7914E884-6C77-42CE-AD72-8701F49D12E3}.Release|Any CPU.ActiveCfg = Release|Any CPU
		{7914E884-6C77-42CE-AD72-8701F49D12E3}.Release|Any CPU.Build.0 = Release|Any CPU
		{7914E884-6C77-42CE-AD72-8701F49D12E3}.uat|Any CPU.ActiveCfg = uat|Any CPU
		{7914E884-6C77-42CE-AD72-8701F49D12E3}.uat|Any CPU.Build.0 = uat|Any CPU
	EndGlobalSection
	GlobalSection(SolutionProperties) = preSolution
		HideSolutionNode = FALSE
	EndGlobalSection
EndGlobal
